// !$*UTF8*$!
{
	archiveVersion = 1;
	classes = {
	};
	objectVersion = 46;
	objects = {

/* Begin PBXBuildFile section */
		85FBEB3517FEFBE2000E0A26 /* Foundation.framework in Frameworks */ = {isa = PBXBuildFile; fileRef = 85FBEB3417FEFBE2000E0A26 /* Foundation.framework */; };
		85FBEB3717FEFBE2000E0A26 /* CoreGraphics.framework in Frameworks */ = {isa = PBXBuildFile; fileRef = 85FBEB3617FEFBE2000E0A26 /* CoreGraphics.framework */; };
		85FBEB3917FEFBE2000E0A26 /* UIKit.framework in Frameworks */ = {isa = PBXBuildFile; fileRef = 85FBEB3817FEFBE2000E0A26 /* UIKit.framework */; };
		85FBEB3F17FEFBE2000E0A26 /* InfoPlist.strings in Resources */ = {isa = PBXBuildFile; fileRef = 85FBEB3D17FEFBE2000E0A26 /* InfoPlist.strings */; };
		85FBEB4117FEFBE2000E0A26 /* main.m in Sources */ = {isa = PBXBuildFile; fileRef = 85FBEB4017FEFBE2000E0A26 /* main.m */; };
		85FBEB4517FEFBE2000E0A26 /* AppDelegate.m in Sources */ = {isa = PBXBuildFile; fileRef = 85FBEB4417FEFBE2000E0A26 /* AppDelegate.m */; };
		85FBEB4817FEFBE2000E0A26 /* Main.storyboard in Resources */ = {isa = PBXBuildFile; fileRef = 85FBEB4617FEFBE2000E0A26 /* Main.storyboard */; };
		85FBEB4B17FEFBE2000E0A26 /* ViewController.m in Sources */ = {isa = PBXBuildFile; fileRef = 85FBEB4A17FEFBE2000E0A26 /* ViewController.m */; };
		85FBEB4D17FEFBE2000E0A26 /* Images.xcassets in Resources */ = {isa = PBXBuildFile; fileRef = 85FBEB4C17FEFBE2000E0A26 /* Images.xcassets */; };
		85FBEB5417FEFBE3000E0A26 /* XCTest.framework in Frameworks */ = {isa = PBXBuildFile; fileRef = 85FBEB5317FEFBE3000E0A26 /* XCTest.framework */; };
		85FBEB5517FEFBE3000E0A26 /* Foundation.framework in Frameworks */ = {isa = PBXBuildFile; fileRef = 85FBEB3417FEFBE2000E0A26 /* Foundation.framework */; };
		85FBEB5617FEFBE3000E0A26 /* UIKit.framework in Frameworks */ = {isa = PBXBuildFile; fileRef = 85FBEB3817FEFBE2000E0A26 /* UIKit.framework */; };
		85FBEB5E17FEFBE3000E0A26 /* InfoPlist.strings in Resources */ = {isa = PBXBuildFile; fileRef = 85FBEB5C17FEFBE3000E0A26 /* InfoPlist.strings */; };
		85FBEB6017FEFBE3000E0A26 /* ScrollViewInsideTableViewCellExperimentTests.m in Sources */ = {isa = PBXBuildFile; fileRef = 85FBEB5F17FEFBE3000E0A26 /* ScrollViewInsideTableViewCellExperimentTests.m */; };
		85FBEB6B17FEFDC6000E0A26 /* CustomCell.m in Sources */ = {isa = PBXBuildFile; fileRef = 85FBEB6A17FEFDC6000E0A26 /* CustomCell.m */; };
		85FBEB6D17FF012F000E0A26 /* Large.mc.arp.750pix.jpg in Resources */ = {isa = PBXBuildFile; fileRef = 85FBEB6C17FF012F000E0A26 /* Large.mc.arp.750pix.jpg */; };
/* End PBXBuildFile section */

/* Begin PBXContainerItemProxy section */
		85FBEB5717FEFBE3000E0A26 /* PBXContainerItemProxy */ = {
			isa = PBXContainerItemProxy;
			containerPortal = 85FBEB2917FEFBE2000E0A26 /* Project object */;
			proxyType = 1;
			remoteGlobalIDString = 85FBEB3017FEFBE2000E0A26;
			remoteInfo = ScrollViewInsideTableViewCellExperiment;
		};
/* End PBXContainerItemProxy section */

/* Begin PBXFileReference section */
		85FBEB3117FEFBE2000E0A26 /* ScrollViewInsideTableViewCellExperiment.app */ = {isa = PBXFileReference; explicitFileType = wrapper.application; includeInIndex = 0; path = ScrollViewInsideTableViewCellExperiment.app; sourceTree = BUILT_PRODUCTS_DIR; };
		85FBEB3417FEFBE2000E0A26 /* Foundation.framework */ = {isa = PBXFileReference; lastKnownFileType = wrapper.framework; name = Foundation.framework; path = System/Library/Frameworks/Foundation.framework; sourceTree = SDKROOT; };
		85FBEB3617FEFBE2000E0A26 /* CoreGraphics.framework */ = {isa = PBXFileReference; lastKnownFileType = wrapper.framework; name = CoreGraphics.framework; path = System/Library/Frameworks/CoreGraphics.framework; sourceTree = SDKROOT; };
		85FBEB3817FEFBE2000E0A26 /* UIKit.framework */ = {isa = PBXFileReference; lastKnownFileType = wrapper.framework; name = UIKit.framework; path = System/Library/Frameworks/UIKit.framework; sourceTree = SDKROOT; };
		85FBEB3C17FEFBE2000E0A26 /* ScrollViewInsideTableViewCellExperiment-Info.plist */ = {isa = PBXFileReference; lastKnownFileType = text.plist.xml; path = "ScrollViewInsideTableViewCellExperiment-Info.plist"; sourceTree = "<group>"; };
		85FBEB3E17FEFBE2000E0A26 /* en */ = {isa = PBXFileReference; lastKnownFileType = text.plist.strings; name = en; path = en.lproj/InfoPlist.strings; sourceTree = "<group>"; };
		85FBEB4017FEFBE2000E0A26 /* main.m */ = {isa = PBXFileReference; lastKnownFileType = sourcecode.c.objc; path = main.m; sourceTree = "<group>"; };
		85FBEB4217FEFBE2000E0A26 /* ScrollViewInsideTableViewCellExperiment-Prefix.pch */ = {isa = PBXFileReference; lastKnownFileType = sourcecode.c.h; path = "ScrollViewInsideTableViewCellExperiment-Prefix.pch"; sourceTree = "<group>"; };
		85FBEB4317FEFBE2000E0A26 /* AppDelegate.h */ = {isa = PBXFileReference; lastKnownFileType = sourcecode.c.h; path = AppDelegate.h; sourceTree = "<group>"; };
		85FBEB4417FEFBE2000E0A26 /* AppDelegate.m */ = {isa = PBXFileReference; lastKnownFileType = sourcecode.c.objc; path = AppDelegate.m; sourceTree = "<group>"; };
		85FBEB4717FEFBE2000E0A26 /* Base */ = {isa = PBXFileReference; lastKnownFileType = file.storyboard; name = Base; path = Base.lproj/Main.storyboard; sourceTree = "<group>"; };
		85FBEB4917FEFBE2000E0A26 /* ViewController.h */ = {isa = PBXFileReference; lastKnownFileType = sourcecode.c.h; path = ViewController.h; sourceTree = "<group>"; };
		85FBEB4A17FEFBE2000E0A26 /* ViewController.m */ = {isa = PBXFileReference; lastKnownFileType = sourcecode.c.objc; path = ViewController.m; sourceTree = "<group>"; };
		85FBEB4C17FEFBE2000E0A26 /* Images.xcassets */ = {isa = PBXFileReference; lastKnownFileType = folder.assetcatalog; path = Images.xcassets; sourceTree = "<group>"; };
		85FBEB5217FEFBE3000E0A26 /* ScrollViewInsideTableViewCellExperimentTests.xctest */ = {isa = PBXFileReference; explicitFileType = wrapper.cfbundle; includeInIndex = 0; path = ScrollViewInsideTableViewCellExperimentTests.xctest; sourceTree = BUILT_PRODUCTS_DIR; };
		85FBEB5317FEFBE3000E0A26 /* XCTest.framework */ = {isa = PBXFileReference; lastKnownFileType = wrapper.framework; name = XCTest.framework; path = Library/Frameworks/XCTest.framework; sourceTree = DEVELOPER_DIR; };
		85FBEB5B17FEFBE3000E0A26 /* ScrollViewInsideTableViewCellExperimentTests-Info.plist */ = {isa = PBXFileReference; lastKnownFileType = text.plist.xml; path = "ScrollViewInsideTableViewCellExperimentTests-Info.plist"; sourceTree = "<group>"; };
		85FBEB5D17FEFBE3000E0A26 /* en */ = {isa = PBXFileReference; lastKnownFileType = text.plist.strings; name = en; path = en.lproj/InfoPlist.strings; sourceTree = "<group>"; };
		85FBEB5F17FEFBE3000E0A26 /* ScrollViewInsideTableViewCellExperimentTests.m */ = {isa = PBXFileReference; lastKnownFileType = sourcecode.c.objc; path = ScrollViewInsideTableViewCellExperimentTests.m; sourceTree = "<group>"; };
		85FBEB6917FEFDC6000E0A26 /* CustomCell.h */ = {isa = PBXFileReference; fileEncoding = 4; lastKnownFileType = sourcecode.c.h; path = CustomCell.h; sourceTree = "<group>"; };
		85FBEB6A17FEFDC6000E0A26 /* CustomCell.m */ = {isa = PBXFileReference; fileEncoding = 4; lastKnownFileType = sourcecode.c.objc; path = CustomCell.m; sourceTree = "<group>"; };
		85FBEB6C17FF012F000E0A26 /* Large.mc.arp.750pix.jpg */ = {isa = PBXFileReference; lastKnownFileType = image.jpeg; path = Large.mc.arp.750pix.jpg; sourceTree = "<group>"; };
/* End PBXFileReference section */

/* Begin PBXFrameworksBuildPhase section */
		85FBEB2E17FEFBE2000E0A26 /* Frameworks */ = {
			isa = PBXFrameworksBuildPhase;
			buildActionMask = 2147483647;
			files = (
				85FBEB3717FEFBE2000E0A26 /* CoreGraphics.framework in Frameworks */,
				85FBEB3917FEFBE2000E0A26 /* UIKit.framework in Frameworks */,
				85FBEB3517FEFBE2000E0A26 /* Foundation.framework in Frameworks */,
			);
			runOnlyForDeploymentPostprocessing = 0;
		};
		85FBEB4F17FEFBE3000E0A26 /* Frameworks */ = {
			isa = PBXFrameworksBuildPhase;
			buildActionMask = 2147483647;
			files = (
				85FBEB5417FEFBE3000E0A26 /* XCTest.framework in Frameworks */,
				85FBEB5617FEFBE3000E0A26 /* UIKit.framework in Frameworks */,
				85FBEB5517FEFBE3000E0A26 /* Foundation.framework in Frameworks */,
			);
			runOnlyForDeploymentPostprocessing = 0;
		};
/* End PBXFrameworksBuildPhase section */

/* Begin PBXGroup section */
		85FBEB2817FEFBE2000E0A26 = {
			isa = PBXGroup;
			children = (
				85FBEB3A17FEFBE2000E0A26 /* ScrollViewInsideTableViewCellExperiment */,
				85FBEB5917FEFBE3000E0A26 /* ScrollViewInsideTableViewCellExperimentTests */,
				85FBEB3317FEFBE2000E0A26 /* Frameworks */,
				85FBEB3217FEFBE2000E0A26 /* Products */,
			);
			sourceTree = "<group>";
		};
		85FBEB3217FEFBE2000E0A26 /* Products */ = {
			isa = PBXGroup;
			children = (
				85FBEB3117FEFBE2000E0A26 /* ScrollViewInsideTableViewCellExperiment.app */,
				85FBEB5217FEFBE3000E0A26 /* ScrollViewInsideTableViewCellExperimentTests.xctest */,
			);
			name = Products;
			sourceTree = "<group>";
		};
		85FBEB3317FEFBE2000E0A26 /* Frameworks */ = {
			isa = PBXGroup;
			children = (
				85FBEB3417FEFBE2000E0A26 /* Foundation.framework */,
				85FBEB3617FEFBE2000E0A26 /* CoreGraphics.framework */,
				85FBEB3817FEFBE2000E0A26 /* UIKit.framework */,
				85FBEB5317FEFBE3000E0A26 /* XCTest.framework */,
			);
			name = Frameworks;
			sourceTree = "<group>";
		};
		85FBEB3A17FEFBE2000E0A26 /* ScrollViewInsideTableViewCellExperiment */ = {
			isa = PBXGroup;
			children = (
				85FBEB4317FEFBE2000E0A26 /* AppDelegate.h */,
				85FBEB4417FEFBE2000E0A26 /* AppDelegate.m */,
				85FBEB4617FEFBE2000E0A26 /* Main.storyboard */,
				85FBEB4917FEFBE2000E0A26 /* ViewController.h */,
				85FBEB4A17FEFBE2000E0A26 /* ViewController.m */,
				85FBEB6917FEFDC6000E0A26 /* CustomCell.h */,
				85FBEB6A17FEFDC6000E0A26 /* CustomCell.m */,
				85FBEB4C17FEFBE2000E0A26 /* Images.xcassets */,
				85FBEB6C17FF012F000E0A26 /* Large.mc.arp.750pix.jpg */,
				85FBEB3B17FEFBE2000E0A26 /* Supporting Files */,
			);
			path = ScrollViewInsideTableViewCellExperiment;
			sourceTree = "<group>";
		};
		85FBEB3B17FEFBE2000E0A26 /* Supporting Files */ = {
			isa = PBXGroup;
			children = (
				85FBEB3C17FEFBE2000E0A26 /* ScrollViewInsideTableViewCellExperiment-Info.plist */,
				85FBEB3D17FEFBE2000E0A26 /* InfoPlist.strings */,
				85FBEB4017FEFBE2000E0A26 /* main.m */,
				85FBEB4217FEFBE2000E0A26 /* ScrollViewInsideTableViewCellExperiment-Prefix.pch */,
			);
			name = "Supporting Files";
			sourceTree = "<group>";
		};
		85FBEB5917FEFBE3000E0A26 /* ScrollViewInsideTableViewCellExperimentTests */ = {
			isa = PBXGroup;
			children = (
				85FBEB5F17FEFBE3000E0A26 /* ScrollViewInsideTableViewCellExperimentTests.m */,
				85FBEB5A17FEFBE3000E0A26 /* Supporting Files */,
			);
			path = ScrollViewInsideTableViewCellExperimentTests;
			sourceTree = "<group>";
		};
		85FBEB5A17FEFBE3000E0A26 /* Supporting Files */ = {
			isa = PBXGroup;
			children = (
				85FBEB5B17FEFBE3000E0A26 /* ScrollViewInsideTableViewCellExperimentTests-Info.plist */,
				85FBEB5C17FEFBE3000E0A26 /* InfoPlist.strings */,
			);
			name = "Supporting Files";
			sourceTree = "<group>";
		};
/* End PBXGroup section */

/* Begin PBXNativeTarget section */
		85FBEB3017FEFBE2000E0A26 /* ScrollViewInsideTableViewCellExperiment */ = {
			isa = PBXNativeTarget;
			buildConfigurationList = 85FBEB6317FEFBE3000E0A26 /* Build configuration list for PBXNativeTarget "ScrollViewInsideTableViewCellExperiment" */;
			buildPhases = (
				85FBEB2D17FEFBE2000E0A26 /* Sources */,
				85FBEB2E17FEFBE2000E0A26 /* Frameworks */,
				85FBEB2F17FEFBE2000E0A26 /* Resources */,
			);
			buildRules = (
			);
			dependencies = (
			);
			name = ScrollViewInsideTableViewCellExperiment;
			productName = ScrollViewInsideTableViewCellExperiment;
			productReference = 85FBEB3117FEFBE2000E0A26 /* ScrollViewInsideTableViewCellExperiment.app */;
			productType = "com.apple.product-type.application";
		};
		85FBEB5117FEFBE3000E0A26 /* ScrollViewInsideTableViewCellExperimentTests */ = {
			isa = PBXNativeTarget;
			buildConfigurationList = 85FBEB6617FEFBE3000E0A26 /* Build configuration list for PBXNativeTarget "ScrollViewInsideTableViewCellExperimentTests" */;
			buildPhases = (
				85FBEB4E17FEFBE3000E0A26 /* Sources */,
				85FBEB4F17FEFBE3000E0A26 /* Frameworks */,
				85FBEB5017FEFBE3000E0A26 /* Resources */,
			);
			buildRules = (
			);
			dependencies = (
				85FBEB5817FEFBE3000E0A26 /* PBXTargetDependency */,
			);
			name = ScrollViewInsideTableViewCellExperimentTests;
			productName = ScrollViewInsideTableViewCellExperimentTests;
			productReference = 85FBEB5217FEFBE3000E0A26 /* ScrollViewInsideTableViewCellExperimentTests.xctest */;
			productType = "com.apple.product-type.bundle.unit-test";
		};
/* End PBXNativeTarget section */

/* Begin PBXProject section */
		85FBEB2917FEFBE2000E0A26 /* Project object */ = {
			isa = PBXProject;
			attributes = {
				LastUpgradeCheck = 0500;
				ORGANIZATIONNAME = "Marco Alves";
				TargetAttributes = {
					85FBEB5117FEFBE3000E0A26 = {
						TestTargetID = 85FBEB3017FEFBE2000E0A26;
					};
				};
			};
			buildConfigurationList = 85FBEB2C17FEFBE2000E0A26 /* Build configuration list for PBXProject "ScrollViewInsideTableViewCellExperiment" */;
			compatibilityVersion = "Xcode 3.2";
			developmentRegion = English;
			hasScannedForEncodings = 0;
			knownRegions = (
				en,
				Base,
			);
			mainGroup = 85FBEB2817FEFBE2000E0A26;
			productRefGroup = 85FBEB3217FEFBE2000E0A26 /* Products */;
			projectDirPath = "";
			projectRoot = "";
			targets = (
				85FBEB3017FEFBE2000E0A26 /* ScrollViewInsideTableViewCellExperiment */,
				85FBEB5117FEFBE3000E0A26 /* ScrollViewInsideTableViewCellExperimentTests */,
			);
		};
/* End PBXProject section */

/* Begin PBXResourcesBuildPhase section */
		85FBEB2F17FEFBE2000E0A26 /* Resources */ = {
			isa = PBXResourcesBuildPhase;
			buildActionMask = 2147483647;
			files = (
				85FBEB4D17FEFBE2000E0A26 /* Images.xcassets in Resources */,
				85FBEB3F17FEFBE2000E0A26 /* InfoPlist.strings in Resources */,
				85FBEB4817FEFBE2000E0A26 /* Main.storyboard in Resources */,
				85FBEB6D17FF012F000E0A26 /* Large.mc.arp.750pix.jpg in Resources */,
			);
			runOnlyForDeploymentPostprocessing = 0;
		};
		85FBEB5017FEFBE3000E0A26 /* Resources */ = {
			isa = PBXResourcesBuildPhase;
			buildActionMask = 2147483647;
			files = (
				85FBEB5E17FEFBE3000E0A26 /* InfoPlist.strings in Resources */,
			);
			runOnlyForDeploymentPostprocessing = 0;
		};
/* End PBXResourcesBuildPhase section */

/* Begin PBXSourcesBuildPhase section */
		85FBEB2D17FEFBE2000E0A26 /* Sources */ = {
			isa = PBXSourcesBuildPhase;
			buildActionMask = 2147483647;
			files = (
				85FBEB4B17FEFBE2000E0A26 /* ViewController.m in Sources */,
				85FBEB4517FEFBE2000E0A26 /* AppDelegate.m in Sources */,
				85FBEB6B17FEFDC6000E0A26 /* CustomCell.m in Sources */,
				85FBEB4117FEFBE2000E0A26 /* main.m in Sources */,
			);
			runOnlyForDeploymentPostprocessing = 0;
		};
		85FBEB4E17FEFBE3000E0A26 /* Sources */ = {
			isa = PBXSourcesBuildPhase;
			buildActionMask = 2147483647;
			files = (
				85FBEB6017FEFBE3000E0A26 /* ScrollViewInsideTableViewCellExperimentTests.m in Sources */,
			);
			runOnlyForDeploymentPostprocessing = 0;
		};
/* End PBXSourcesBuildPhase section */

/* Begin PBXTargetDependency section */
		85FBEB5817FEFBE3000E0A26 /* PBXTargetDependency */ = {
			isa = PBXTargetDependency;
			target = 85FBEB3017FEFBE2000E0A26 /* ScrollViewInsideTableViewCellExperiment */;
			targetProxy = 85FBEB5717FEFBE3000E0A26 /* PBXContainerItemProxy */;
		};
/* End PBXTargetDependency section */

/* Begin PBXVariantGroup section */
		85FBEB3D17FEFBE2000E0A26 /* InfoPlist.strings */ = {
			isa = PBXVariantGroup;
			children = (
				85FBEB3E17FEFBE2000E0A26 /* en */,
			);
			name = InfoPlist.strings;
			sourceTree = "<group>";
		};
		85FBEB4617FEFBE2000E0A26 /* Main.storyboard */ = {
			isa = PBXVariantGroup;
			children = (
				85FBEB4717FEFBE2000E0A26 /* Base */,
			);
			name = Main.storyboard;
			sourceTree = "<group>";
		};
		85FBEB5C17FEFBE3000E0A26 /* InfoPlist.strings */ = {
			isa = PBXVariantGroup;
			children = (
				85FBEB5D17FEFBE3000E0A26 /* en */,
			);
			name = InfoPlist.strings;
			sourceTree = "<group>";
		};
/* End PBXVariantGroup section */

/* Begin XCBuildConfiguration section */
		85FBEB6117FEFBE3000E0A26 /* Debug */ = {
			isa = XCBuildConfiguration;
			buildSettings = {
				ALWAYS_SEARCH_USER_PATHS = NO;
				ARCHS = "$(ARCHS_STANDARD_INCLUDING_64_BIT)";
				CLANG_CXX_LANGUAGE_STANDARD = "gnu++0x";
				CLANG_CXX_LIBRARY = "libc++";
				CLANG_ENABLE_MODULES = YES;
				CLANG_ENABLE_OBJC_ARC = YES;
				CLANG_WARN_BOOL_CONVERSION = YES;
				CLANG_WARN_CONSTANT_CONVERSION = YES;
				CLANG_WARN_DIRECT_OBJC_ISA_USAGE = YES_ERROR;
				CLANG_WARN_EMPTY_BODY = YES;
				CLANG_WARN_ENUM_CONVERSION = YES;
				CLANG_WARN_INT_CONVERSION = YES;
				CLANG_WARN_OBJC_ROOT_CLASS = YES_ERROR;
				CLANG_WARN__DUPLICATE_METHOD_MATCH = YES;
				"CODE_SIGN_IDENTITY[sdk=iphoneos*]" = "iPhone Developer";
				COPY_PHASE_STRIP = NO;
				GCC_C_LANGUAGE_STANDARD = gnu99;
				GCC_DYNAMIC_NO_PIC = NO;
				GCC_OPTIMIZATION_LEVEL = 0;
				GCC_PREPROCESSOR_DEFINITIONS = (
					"DEBUG=1",
					"$(inherited)",
				);
				GCC_SYMBOLS_PRIVATE_EXTERN = NO;
				GCC_WARN_64_TO_32_BIT_CONVERSION = YES;
				GCC_WARN_ABOUT_RETURN_TYPE = YES_ERROR;
				GCC_WARN_UNDECLARED_SELECTOR = YES;
				GCC_WARN_UNINITIALIZED_AUTOS = YES;
				GCC_WARN_UNUSED_FUNCTION = YES;
				GCC_WARN_UNUSED_VARIABLE = YES;
				IPHONEOS_DEPLOYMENT_TARGET = 7.0;
				ONLY_ACTIVE_ARCH = YES;
				SDKROOT = iphoneos;
			};
			name = Debug;
		};
		85FBEB6217FEFBE3000E0A26 /* Release */ = {
			isa = XCBuildConfiguration;
			buildSettings = {
				ALWAYS_SEARCH_USER_PATHS = NO;
				ARCHS = "$(ARCHS_STANDARD_INCLUDING_64_BIT)";
				CLANG_CXX_LANGUAGE_STANDARD = "gnu++0x";
				CLANG_CXX_LIBRARY = "libc++";
				CLANG_ENABLE_MODULES = YES;
				CLANG_ENABLE_OBJC_ARC = YES;
				CLANG_WARN_BOOL_CONVERSION = YES;
				CLANG_WARN_CONSTANT_CONVERSION = YES;
				CLANG_WARN_DIRECT_OBJC_ISA_USAGE = YES_ERROR;
				CLANG_WARN_EMPTY_BODY = YES;
				CLANG_WARN_ENUM_CONVERSION = YES;
				CLANG_WARN_INT_CONVERSION = YES;
				CLANG_WARN_OBJC_ROOT_CLASS = YES_ERROR;
				CLANG_WARN__DUPLICATE_METHOD_MATCH = YES;
				"CODE_SIGN_IDENTITY[sdk=iphoneos*]" = "iPhone Developer";
				COPY_PHASE_STRIP = YES;
				ENABLE_NS_ASSERTIONS = NO;
				GCC_C_LANGUAGE_STANDARD = gnu99;
				GCC_WARN_64_TO_32_BIT_CONVERSION = YES;
				GCC_WARN_ABOUT_RETURN_TYPE = YES_ERROR;
				GCC_WARN_UNDECLARED_SELECTOR = YES;
				GCC_WARN_UNINITIALIZED_AUTOS = YES;
				GCC_WARN_UNUSED_FUNCTION = YES;
				GCC_WARN_UNUSED_VARIABLE = YES;
				IPHONEOS_DEPLOYMENT_TARGET = 7.0;
				SDKROOT = iphoneos;
				VALIDATE_PRODUCT = YES;
			};
			name = Release;
		};
		85FBEB6417FEFBE3000E0A26 /* Debug */ = {
			isa = XCBuildConfiguration;
			buildSettings = {
				ASSETCATALOG_COMPILER_APPICON_NAME = AppIcon;
				ASSETCATALOG_COMPILER_LAUNCHIMAGE_NAME = LaunchImage;
				GCC_PRECOMPILE_PREFIX_HEADER = YES;
				GCC_PREFIX_HEADER = "ScrollViewInsideTableViewCellExperiment/ScrollViewInsideTableViewCellExperiment-Prefix.pch";
				INFOPLIST_FILE = "ScrollViewInsideTableViewCellExperiment/ScrollViewInsideTableViewCellExperiment-Info.plist";
				PRODUCT_NAME = "$(TARGET_NAME)";
				WRAPPER_EXTENSION = app;
			};
			name = Debug;
		};
		85FBEB6517FEFBE3000E0A26 /* Release */ = {
			isa = XCBuildConfiguration;
			buildSettings = {
				ASSETCATALOG_COMPILER_APPICON_NAME = AppIcon;
				ASSETCATALOG_COMPILER_LAUNCHIMAGE_NAME = LaunchImage;
				GCC_PRECOMPILE_PREFIX_HEADER = YES;
				GCC_PREFIX_HEADER = "ScrollViewInsideTableViewCellExperiment/ScrollViewInsideTableViewCellExperiment-Prefix.pch";
				INFOPLIST_FILE = "ScrollViewInsideTableViewCellExperiment/ScrollViewInsideTableViewCellExperiment-Info.plist";
				PRODUCT_NAME = "$(TARGET_NAME)";
				WRAPPER_EXTENSION = app;
			};
			name = Release;
		};
		85FBEB6717FEFBE3000E0A26 /* Debug */ = {
			isa = XCBuildConfiguration;
			buildSettings = {
				ARCHS = "$(ARCHS_STANDARD_INCLUDING_64_BIT)";
				BUNDLE_LOADER = "$(BUILT_PRODUCTS_DIR)/ScrollViewInsideTableViewCellExperiment.app/ScrollViewInsideTableViewCellExperiment";
				FRAMEWORK_SEARCH_PATHS = (
					"$(SDKROOT)/Developer/Library/Frameworks",
					"$(inherited)",
					"$(DEVELOPER_FRAMEWORKS_DIR)",
				);
				GCC_PRECOMPILE_PREFIX_HEADER = YES;
				GCC_PREFIX_HEADER = "ScrollViewInsideTableViewCellExperiment/ScrollViewInsideTableViewCellExperiment-Prefix.pch";
				GCC_PREPROCESSOR_DEFINITIONS = (
					"DEBUG=1",
					"$(inherited)",
				);
				INFOPLIST_FILE = "ScrollViewInsideTableViewCellExperimentTests/ScrollViewInsideTableViewCellExperimentTests-Info.plist";
				PRODUCT_NAME = "$(TARGET_NAME)";
				TEST_HOST = "$(BUNDLE_LOADER)";
				WRAPPER_EXTENSION = xctest;
			};
			name = Debug;
		};
		85FBEB6817FEFBE3000E0A26 /* Release */ = {
			isa = XCBuildConfiguration;
			buildSettings = {
				ARCHS = "$(ARCHS_STANDARD_INCLUDING_64_BIT)";
				BUNDLE_LOADER = "$(BUILT_PRODUCTS_DIR)/ScrollViewInsideTableViewCellExperiment.app/ScrollViewInsideTableViewCellExperiment";
				FRAMEWORK_SEARCH_PATHS = (
					"$(SDKROOT)/Developer/Library/Frameworks",
					"$(inherited)",
					"$(DEVELOPER_FRAMEWORKS_DIR)",
				);
				GCC_PRECOMPILE_PREFIX_HEADER = YES;
				GCC_PREFIX_HEADER = "ScrollViewInsideTableViewCellExperiment/ScrollViewInsideTableViewCellExperiment-Prefix.pch";
				INFOPLIST_FILE = "ScrollViewInsideTableViewCellExperimentTests/ScrollViewInsideTableViewCellExperimentTests-Info.plist";
				PRODUCT_NAME = "$(TARGET_NAME)";
				TEST_HOST = "$(BUNDLE_LOADER)";
				WRAPPER_EXTENSION = xctest;
			};
			name = Release;
		};
/* End XCBuildConfiguration section */

/* Begin XCConfigurationList section */
		85FBEB2C17FEFBE2000E0A26 /* Build configuration list for PBXProject "ScrollViewInsideTableViewCellExperiment" */ = {
			isa = XCConfigurationList;
			buildConfigurations = (
				85FBEB6117FEFBE3000E0A26 /* Debug */,
				85FBEB6217FEFBE3000E0A26 /* Release */,
			);
			defaultConfigurationIsVisible = 0;
			defaultConfigurationName = Release;
		};
		85FBEB6317FEFBE3000E0A26 /* Build configuration list for PBXNativeTarget "ScrollViewInsideTableViewCellExperiment" */ = {
			isa = XCConfigurationList;
			buildConfigurations = (
				85FBEB6417FEFBE3000E0A26 /* Debug */,
				85FBEB6517FEFBE3000E0A26 /* Release */,
			);
			defaultConfigurationIsVisible = 0;
		};
		85FBEB6617FEFBE3000E0A26 /* Build configuration list for PBXNativeTarget "ScrollViewInsideTableViewCellExperimentTests" */ = {
			isa = XCConfigurationList;
			buildConfigurations = (
				85FBEB6717FEFBE3000E0A26 /* Debug */,
				85FBEB6817FEFBE3000E0A26 /* Release */,
			);
			defaultConfigurationIsVisible = 0;
		};
/* End XCConfigurationList section */
	};
	rootObject = 85FBEB2917FEFBE2000E0A26 /* Project object */;
}
